
Microsoft Visual Studio Solution File, Format Version 12.00
# Visual Studio Version 16
VisualStudioVersion = 16.0.29806.167
MinimumVisualStudioVersion = 10.0.40219.1
Project("{FAE04EC0-301F-11D3-BF4B-00C04F79EFBC}") = "game_negative", "game_negative\game_negative.csproj", "{5BBDAB41-4567-425A-AA34-A26210CA967A}"
EndProject
Global
	GlobalSection(SolutionConfigurationPlatforms) = preSolution
		Debug|Any CPU = Debug|Any CPU
		Release|Any CPU = Release|Any CPU
	EndGlobalSection
	GlobalSection(ProjectConfigurationPlatforms) = postSolution
		{5BBDAB41-4567-425A-AA34-A26210CA967A}.Debug|Any CPU.ActiveCfg = Debug|Any CPU
		{5BBDAB41-4567-425A-AA34-A26210CA967A}.Debug|Any CPU.Build.0 = Debug|Any CPU
		{5BBDAB41-4567-425A-AA34-A26210CA967A}.Release|Any CPU.ActiveCfg = Release|Any CPU
		{5BBDAB41-4567-425A-AA34-A26210CA967A}.Release|Any CPU.Build.0 = Release|Any CPU
	EndGlobalSection
	GlobalSection(SolutionProperties) = preSolution
		HideSolutionNode = FALSE
	EndGlobalSection
	GlobalSection(ExtensibilityGlobals) = postSolution
		SolutionGuid = {2EB7C71B-51B4-4302-BC17-8E9C2EFB66B9}
	EndGlobalSection
EndGlobal
